
Microsoft Visual Studio Solution File, Format Version 12.00
# Visual Studio Version 16
VisualStudioVersion = 16.0.31321.278
MinimumVisualStudioVersion = 10.0.40219.1
Project("{FAE04EC0-301F-11D3-BF4B-00C04F79EFBC}") = "BankManagementApi", "BankManagementApi\BankManagementApi.csproj", "{5842C2C0-DC52-4AC4-9FA4-550CF21E0671}"
EndProject
Global
	GlobalSection(SolutionConfigurationPlatforms) = preSolution
		Debug|Any CPU = Debug|Any CPU
		Release|Any CPU = Release|Any CPU
	EndGlobalSection
	GlobalSection(ProjectConfigurationPlatforms) = postSolution
		{5842C2C0-DC52-4AC4-9FA4-550CF21E0671}.Debug|Any CPU.ActiveCfg = Debug|Any CPU
		{5842C2C0-DC52-4AC4-9FA4-550CF21E0671}.Debug|Any CPU.Build.0 = Debug|Any CPU
		{5842C2C0-DC52-4AC4-9FA4-550CF21E0671}.Release|Any CPU.ActiveCfg = Release|Any CPU
		{5842C2C0-DC52-4AC4-9FA4-550CF21E0671}.Release|Any CPU.Build.0 = Release|Any CPU
	EndGlobalSection
	GlobalSection(SolutionProperties) = preSolution
		HideSolutionNode = FALSE
	EndGlobalSection
	GlobalSection(ExtensibilityGlobals) = postSolution
		SolutionGuid = {1CB852EA-5C35-43FF-AD7E-5339F82BD8F0}
	EndGlobalSection
EndGlobal
